
Microsoft Visual Studio Solution File, Format Version 12.00
# Visual Studio Version 17
VisualStudioVersion = 17.7.34024.191
MinimumVisualStudioVersion = 10.0.40219.1
Project("{FAE04EC0-301F-11D3-BF4B-00C04F79EFBC}") = "Tour_Midili.Window", "Tour_Midili.Window\Tour_Midili.Window.csproj", "{3019B37F-548B-4705-91C1-307207B1E88D}"
EndProject
Project("{FAE04EC0-301F-11D3-BF4B-00C04F79EFBC}") = "Tour_Midili.Context", "Tour_Midili.Context\Tour_Midili.Context.csproj", "{6395DE62-F8C2-4E82-B3A7-86FA3D30EBBB}"
EndProject
Global
	GlobalSection(SolutionConfigurationPlatforms) = preSolution
		Debug|Any CPU = Debug|Any CPU
		Release|Any CPU = Release|Any CPU
	EndGlobalSection
	GlobalSection(ProjectConfigurationPlatforms) = postSolution
		{3019B37F-548B-4705-91C1-307207B1E88D}.Debug|Any CPU.ActiveCfg = Debug|Any CPU
		{3019B37F-548B-4705-91C1-307207B1E88D}.Debug|Any CPU.Build.0 = Debug|Any CPU
		{3019B37F-548B-4705-91C1-307207B1E88D}.Release|Any CPU.ActiveCfg = Release|Any CPU
		{3019B37F-548B-4705-91C1-307207B1E88D}.Release|Any CPU.Build.0 = Release|Any CPU
		{6395DE62-F8C2-4E82-B3A7-86FA3D30EBBB}.Debug|Any CPU.ActiveCfg = Debug|Any CPU
		{6395DE62-F8C2-4E82-B3A7-86FA3D30EBBB}.Debug|Any CPU.Build.0 = Debug|Any CPU
		{6395DE62-F8C2-4E82-B3A7-86FA3D30EBBB}.Release|Any CPU.ActiveCfg = Release|Any CPU
		{6395DE62-F8C2-4E82-B3A7-86FA3D30EBBB}.Release|Any CPU.Build.0 = Release|Any CPU
	EndGlobalSection
	GlobalSection(SolutionProperties) = preSolution
		HideSolutionNode = FALSE
	EndGlobalSection
	GlobalSection(ExtensibilityGlobals) = postSolution
		SolutionGuid = {D11B3B7A-BF62-4A15-B009-F71E0D05AD75}
	EndGlobalSection
EndGlobal
